
Microsoft Visual Studio Solution File, Format Version 12.00
# Visual Studio 15
Project("{FAE04EC0-301F-11D3-BF4B-00C04F79EFBC}") = "_Game_Interfaces", "_Game_Interfaces.csproj", "{A531FD19-98CA-80FC-E586-DFBB5BF98B5A}"
EndProject
Project("{FAE04EC0-301F-11D3-BF4B-00C04F79EFBC}") = "ProPixelizer", "ProPixelizer.csproj", "{B1E3F686-FF27-9AFF-3C75-643AB90D6700}"
EndProject
Project("{FAE04EC0-301F-11D3-BF4B-00C04F79EFBC}") = "spine-unity-editor", "spine-unity-editor.csproj", "{90BD6783-A06A-D312-8490-695CAEBF9F31}"
EndProject
Project("{FAE04EC0-301F-11D3-BF4B-00C04F79EFBC}") = "spine-unity", "spine-unity.csproj", "{356FF19A-989D-4516-8ED5-968D28801882}"
EndProject
Project("{FAE04EC0-301F-11D3-BF4B-00C04F79EFBC}") = "_Game_Instances", "_Game_Instances.csproj", "{427EFC16-8F3D-D8CD-87D4-40F004956D64}"
EndProject
Project("{FAE04EC0-301F-11D3-BF4B-00C04F79EFBC}") = "spine-unity-examples", "spine-unity-examples.csproj", "{53E019E9-AEBF-EC7B-F974-E8BFFB5E19AF}"
EndProject
Project("{FAE04EC0-301F-11D3-BF4B-00C04F79EFBC}") = "spine-csharp", "spine-csharp.csproj", "{A850A7F9-B7AF-FD65-E7EB-6387A97A2097}"
EndProject
Project("{FAE04EC0-301F-11D3-BF4B-00C04F79EFBC}") = "_Game_Services", "_Game_Services.csproj", "{F327E7AB-1C89-1E2C-A3F1-9A5D37F29D2F}"
EndProject
Project("{FAE04EC0-301F-11D3-BF4B-00C04F79EFBC}") = "Assembly-CSharp", "Assembly-CSharp.csproj", "{6C3F6E96-4D56-304D-4C1B-880FDA578863}"
EndProject
Project("{FAE04EC0-301F-11D3-BF4B-00C04F79EFBC}") = "spine-unity-examples-editor", "spine-unity-examples-editor.csproj", "{8FBEE8C1-A2B4-078B-711A-4745A850872D}"
EndProject
Project("{FAE04EC0-301F-11D3-BF4B-00C04F79EFBC}") = "Assembly-CSharp-Editor", "Assembly-CSharp-Editor.csproj", "{E113CE03-641C-6946-3C67-5591CB126372}"
EndProject
Global
	GlobalSection(SolutionConfigurationPlatforms) = preSolution
		Debug|Any CPU = Debug|Any CPU
		Release|Any CPU = Release|Any CPU
	EndGlobalSection
	GlobalSection(ProjectConfigurationPlatforms) = postSolution
		{A531FD19-98CA-80FC-E586-DFBB5BF98B5A}.Debug|Any CPU.ActiveCfg = Debug|Any CPU
		{A531FD19-98CA-80FC-E586-DFBB5BF98B5A}.Debug|Any CPU.Build.0 = Debug|Any CPU
		{A531FD19-98CA-80FC-E586-DFBB5BF98B5A}.Release|Any CPU.ActiveCfg = Release|Any CPU
		{A531FD19-98CA-80FC-E586-DFBB5BF98B5A}.Release|Any CPU.Build.0 = Release|Any CPU
		{B1E3F686-FF27-9AFF-3C75-643AB90D6700}.Debug|Any CPU.ActiveCfg = Debug|Any CPU
		{B1E3F686-FF27-9AFF-3C75-643AB90D6700}.Debug|Any CPU.Build.0 = Debug|Any CPU
		{B1E3F686-FF27-9AFF-3C75-643AB90D6700}.Release|Any CPU.ActiveCfg = Release|Any CPU
		{B1E3F686-FF27-9AFF-3C75-643AB90D6700}.Release|Any CPU.Build.0 = Release|Any CPU
		{90BD6783-A06A-D312-8490-695CAEBF9F31}.Debug|Any CPU.ActiveCfg = Debug|Any CPU
		{90BD6783-A06A-D312-8490-695CAEBF9F31}.Debug|Any CPU.Build.0 = Debug|Any CPU
		{90BD6783-A06A-D312-8490-695CAEBF9F31}.Release|Any CPU.ActiveCfg = Release|Any CPU
		{90BD6783-A06A-D312-8490-695CAEBF9F31}.Release|Any CPU.Build.0 = Release|Any CPU
		{356FF19A-989D-4516-8ED5-968D28801882}.Debug|Any CPU.ActiveCfg = Debug|Any CPU
		{356FF19A-989D-4516-8ED5-968D28801882}.Debug|Any CPU.Build.0 = Debug|Any CPU
		{356FF19A-989D-4516-8ED5-968D28801882}.Release|Any CPU.ActiveCfg = Release|Any CPU
		{356FF19A-989D-4516-8ED5-968D28801882}.Release|Any CPU.Build.0 = Release|Any CPU
		{427EFC16-8F3D-D8CD-87D4-40F004956D64}.Debug|Any CPU.ActiveCfg = Debug|Any CPU
		{427EFC16-8F3D-D8CD-87D4-40F004956D64}.Debug|Any CPU.Build.0 = Debug|Any CPU
		{427EFC16-8F3D-D8CD-87D4-40F004956D64}.Release|Any CPU.ActiveCfg = Release|Any CPU
		{427EFC16-8F3D-D8CD-87D4-40F004956D64}.Release|Any CPU.Build.0 = Release|Any CPU
		{53E019E9-AEBF-EC7B-F974-E8BFFB5E19AF}.Debug|Any CPU.ActiveCfg = Debug|Any CPU
		{53E019E9-AEBF-EC7B-F974-E8BFFB5E19AF}.Debug|Any CPU.Build.0 = Debug|Any CPU
		{53E019E9-AEBF-EC7B-F974-E8BFFB5E19AF}.Release|Any CPU.ActiveCfg = Release|Any CPU
		{53E019E9-AEBF-EC7B-F974-E8BFFB5E19AF}.Release|Any CPU.Build.0 = Release|Any CPU
		{A850A7F9-B7AF-FD65-E7EB-6387A97A2097}.Debug|Any CPU.ActiveCfg = Debug|Any CPU
		{A850A7F9-B7AF-FD65-E7EB-6387A97A2097}.Debug|Any CPU.Build.0 = Debug|Any CPU
		{A850A7F9-B7AF-FD65-E7EB-6387A97A2097}.Release|Any CPU.ActiveCfg = Release|Any CPU
		{A850A7F9-B7AF-FD65-E7EB-6387A97A2097}.Release|Any CPU.Build.0 = Release|Any CPU
		{F327E7AB-1C89-1E2C-A3F1-9A5D37F29D2F}.Debug|Any CPU.ActiveCfg = Debug|Any CPU
		{F327E7AB-1C89-1E2C-A3F1-9A5D37F29D2F}.Debug|Any CPU.Build.0 = Debug|Any CPU
		{F327E7AB-1C89-1E2C-A3F1-9A5D37F29D2F}.Release|Any CPU.ActiveCfg = Release|Any CPU
		{F327E7AB-1C89-1E2C-A3F1-9A5D37F29D2F}.Release|Any CPU.Build.0 = Release|Any CPU
		{6C3F6E96-4D56-304D-4C1B-880FDA578863}.Debug|Any CPU.ActiveCfg = Debug|Any CPU
		{6C3F6E96-4D56-304D-4C1B-880FDA578863}.Debug|Any CPU.Build.0 = Debug|Any CPU
		{6C3F6E96-4D56-304D-4C1B-880FDA578863}.Release|Any CPU.ActiveCfg = Release|Any CPU
		{6C3F6E96-4D56-304D-4C1B-880FDA578863}.Release|Any CPU.Build.0 = Release|Any CPU
		{8FBEE8C1-A2B4-078B-711A-4745A850872D}.Debug|Any CPU.ActiveCfg = Debug|Any CPU
		{8FBEE8C1-A2B4-078B-711A-4745A850872D}.Debug|Any CPU.Build.0 = Debug|Any CPU
		{8FBEE8C1-A2B4-078B-711A-4745A850872D}.Release|Any CPU.ActiveCfg = Release|Any CPU
		{8FBEE8C1-A2B4-078B-711A-4745A850872D}.Release|Any CPU.Build.0 = Release|Any CPU
		{E113CE03-641C-6946-3C67-5591CB126372}.Debug|Any CPU.ActiveCfg = Debug|Any CPU
		{E113CE03-641C-6946-3C67-5591CB126372}.Debug|Any CPU.Build.0 = Debug|Any CPU
		{E113CE03-641C-6946-3C67-5591CB126372}.Release|Any CPU.ActiveCfg = Release|Any CPU
		{E113CE03-641C-6946-3C67-5591CB126372}.Release|Any CPU.Build.0 = Release|Any CPU
	EndGlobalSection
	GlobalSection(SolutionProperties) = preSolution
		HideSolutionNode = FALSE
	EndGlobalSection
EndGlobal
